
Microsoft Visual Studio Solution File, Format Version 12.00
# Visual Studio 15
VisualStudioVersion = 15.0.26730.16
MinimumVisualStudioVersion = 10.0.40219.1
Project("{FAE04EC0-301F-11D3-BF4B-00C04F79EFBC}") = "Ash SB", "Ash SB.csproj", "{290EA027-CEA6-C7DC-7832-7FD5C65E24E1}"
EndProject
Project("{FAE04EC0-301F-11D3-BF4B-00C04F79EFBC}") = "Ash SB.Editor", "Ash SB.Editor.csproj", "{BE5E2451-E37C-7532-B3CC-3C2D8DD561F9}"
EndProject
Global
	GlobalSection(SolutionConfigurationPlatforms) = preSolution
		Debug|Any CPU = Debug|Any CPU
		Release|Any CPU = Release|Any CPU
	EndGlobalSection
	GlobalSection(ProjectConfigurationPlatforms) = postSolution
		{290EA027-CEA6-C7DC-7832-7FD5C65E24E1}.Debug|Any CPU.ActiveCfg = Debug|Any CPU
		{290EA027-CEA6-C7DC-7832-7FD5C65E24E1}.Debug|Any CPU.Build.0 = Debug|Any CPU
		{290EA027-CEA6-C7DC-7832-7FD5C65E24E1}.Release|Any CPU.ActiveCfg = Release|Any CPU
		{290EA027-CEA6-C7DC-7832-7FD5C65E24E1}.Release|Any CPU.Build.0 = Release|Any CPU
		{BE5E2451-E37C-7532-B3CC-3C2D8DD561F9}.Debug|Any CPU.ActiveCfg = Debug|Any CPU
		{BE5E2451-E37C-7532-B3CC-3C2D8DD561F9}.Debug|Any CPU.Build.0 = Debug|Any CPU
		{BE5E2451-E37C-7532-B3CC-3C2D8DD561F9}.Release|Any CPU.ActiveCfg = Release|Any CPU
		{BE5E2451-E37C-7532-B3CC-3C2D8DD561F9}.Release|Any CPU.Build.0 = Release|Any CPU
	EndGlobalSection
	GlobalSection(SolutionProperties) = preSolution
		HideSolutionNode = FALSE
	EndGlobalSection
	GlobalSection(ExtensibilityGlobals) = postSolution
		SolutionGuid = {14525BAB-9436-41D1-B190-F4394B2DDF20}
	EndGlobalSection
EndGlobal
